{
  "version": "1.2.0",
  "updated": "2026-06-19",
  "description": "Integration meta-repo lockfile — pins canonical fleet repos to immutable refs. CI validates cross-repo compatibility at pinned SHAs.",
  "_archive_notes": {
    "McpKit": {
      "status": "archived",
      "archived_date": "2026-06-18",
      "reason": "Source repo KooshaPari/McpKit archived on GitHub; pushes return 'This repository was archived so it is read-only'. Pin retained at c557c3ce (final state before archive); new commits are local-only and not reflected on the lock. Target substrates PhenoMCP#164 + PhenoMCPServers carry the absorbed content per ADR-003 / ADR-017 supersession."
    },
    "phenoShared": {
      "status": "deleted",
      "deleted_date": "2026-06-19",
      "reason": "P4 decompose complete; wave 5b fleet drain — 0 production git deps. Final pin 5f4647ef retained here for audit; no lock pin in components. Terminal owners per ADR-ECO-014."
    },
    "Pyron": {
      "status": "deleted",
      "deleted_date": "2026-06-19",
      "reason": "P4 gate pass; repo 404 post-absorption. No lock pin — tombstone only."
    }
  },
  "components": {
    "phenotype-registry": {
      "repo": "KooshaPari/phenotype-registry",
      "ref": "main",
      "sha": "1eeed5be90ed7c7b983e047475977de034db0f93"
    },
    "HexaKit": {
      "repo": "KooshaPari/HexaKit",
      "ref": "main",
      "sha": "d83d1ca26a347e8c5898fc0b28e99a8d54a9ad05"
    },
    "phenotype-rust-sdk": {
      "repo": "KooshaPari/phenotype-rust-sdk",
      "ref": "main",
      "sha": "cbf1ccf4077dd631f388ea9e02b7beed2a515f5f"
    },
    "phenotype-types": {
      "repo": "KooshaPari/phenotype-types",
      "ref": "main",
      "sha": "faa56746434d7f53f3b2028d8cd99d70392049ed"
    },
    "TestingKit": {
      "repo": "KooshaPari/TestingKit",
      "ref": "main",
      "sha": "1a0449faab2f7e851f79b935b30d7e0e0ff4c83c"
    },
    "PhenoObservability": {
      "repo": "KooshaPari/PhenoObservability",
      "ref": "main",
      "sha": "7e14ba5a91459e900f13459c5ff8a8f028651f8f"
    },
    "substrate": {
      "repo": "KooshaPari/substrate",
      "ref": "main",
      "sha": "6e8b35f85697b1b1dc95d5f37451dfa4f7a6af3f"
    },
    "Authvault": {
      "repo": "KooshaPari/Authvault",
      "ref": "main",
      "sha": "c2bbf90e45fba29d15f1ec6c2f0e250685dccbb8"
    },
    "Eventra": {
      "repo": "KooshaPari/Eventra",
      "ref": "main",
      "sha": "7374d76337f710f35bfb6e045278022dd1f8f11e"
    },
    "Agentora": {
      "repo": "KooshaPari/Agentora",
      "ref": "main",
      "sha": "77f4dd2b3f289999c04d97cb613089fd57ba9118"
    },
    "ResilienceKit": {
      "repo": "KooshaPari/ResilienceKit",
      "ref": "main",
      "sha": "93cbac70b2306e570a5a46e862150c968f64327e"
    },
    "phenotype-python-sdk": {
      "repo": "KooshaPari/phenotype-python-sdk",
      "ref": "main",
      "sha": "844c05ab76ebb40d83d1078f5782707135754423"
    },
    "phenotype-gateway": {
      "repo": "KooshaPari/phenotype-gateway",
      "ref": "master",
      "sha": "3974924ac29432cd5fd78797550ca8cfaad10829"
    },
    "McpKit": {
      "repo": "KooshaPari/McpKit",
      "ref": "main",
      "sha": "c557c3ce3a3d1d90e93736a9a4105f6030f34cf7",
      "status": "archived",
      "archived_date": "2026-06-18"
    },
    "phenotype-analytics": {
      "repo": "KooshaPari/phenotype-analytics",
      "ref": "main",
      "sha": "25622c4ae77b6806cd2c6eb84acc6342be45d05d"
    },
    "nexus": {
      "repo": "KooshaPari/nexus",
      "ref": "main",
      "sha": "8db484e7d360238b12491634190e8a36a7f0d6d3"
    },
    "phenoUtils": {
      "repo": "KooshaPari/phenoUtils",
      "ref": "main",
      "sha": "a5b4f7a799fa7c26166e1d0535c59e3639758cdb"
    },
    "phenotype-mcp-asset": {
      "repo": "KooshaPari/phenotype-mcp-asset",
      "ref": "main",
      "sha": "718edf808de6ab16f2f9602a763c5c7ac983fb22"
    },
    "phenotype-tooling": { "repo": "KooshaPari/phenotype-tooling", "ref": "main" },
    "PhenoMCP": { "repo": "KooshaPari/PhenoMCP", "ref": "main" }
  }
}
